
Microsoft Visual Studio Solution File, Format Version 12.00
# Visual Studio 15
VisualStudioVersion = 15.0.28307.572
MinimumVisualStudioVersion = 10.0.40219.1
Project("{FAE04EC0-301F-11D3-BF4B-00C04F79EFBC}") = "DigitalClock", "DigitalClock\DigitalClock.csproj", "{43961ADE-CDF4-447D-BF3A-D026AF41D705}"
EndProject
Global
	GlobalSection(SolutionConfigurationPlatforms) = preSolution
		Debug|Any CPU = Debug|Any CPU
		Release|Any CPU = Release|Any CPU
	EndGlobalSection
	GlobalSection(ProjectConfigurationPlatforms) = postSolution
		{43961ADE-CDF4-447D-BF3A-D026AF41D705}.Debug|Any CPU.ActiveCfg = Debug|Any CPU
		{43961ADE-CDF4-447D-BF3A-D026AF41D705}.Debug|Any CPU.Build.0 = Debug|Any CPU
		{43961ADE-CDF4-447D-BF3A-D026AF41D705}.Release|Any CPU.ActiveCfg = Release|Any CPU
		{43961ADE-CDF4-447D-BF3A-D026AF41D705}.Release|Any CPU.Build.0 = Release|Any CPU
	EndGlobalSection
	GlobalSection(SolutionProperties) = preSolution
		HideSolutionNode = FALSE
	EndGlobalSection
	GlobalSection(ExtensibilityGlobals) = postSolution
		SolutionGuid = {AEAB00FC-D599-4BA3-9B17-9CD056AF8132}
	EndGlobalSection
EndGlobal
